
Microsoft Visual Studio Solution File, Format Version 12.00
# Visual Studio Version 17
VisualStudioVersion = 17.5.33516.290
MinimumVisualStudioVersion = 10.0.40219.1
Project("{2150E333-8FDC-42A3-9474-1A3956D46DE8}") = "src", "src", "{54738160-5CB6-442F-8F52-F6CDC388AA6B}"
EndProject
Project("{2150E333-8FDC-42A3-9474-1A3956D46DE8}") = "Services", "Services", "{63522D44-8E9E-477D-BA3B-082BC7CD80A9}"
	ProjectSection(SolutionItems) = preProject
		src\Microservices\Services\ServicesSleepStart.txt = src\Microservices\Services\ServicesSleepStart.txt
		src\Microservices\Services\ServicesUrls.txt = src\Microservices\Services\ServicesUrls.txt
	EndProjectSection
EndProject
Project("{2150E333-8FDC-42A3-9474-1A3956D46DE8}") = "Common", "Common", "{EFD2F6E2-59EA-4D67-9B7B-1C49F111C92E}"
EndProject
Project("{2150E333-8FDC-42A3-9474-1A3956D46DE8}") = "Common", "Common", "{8F92C4DD-2708-4ED7-8099-2C820E721213}"
EndProject
Project("{9A19103F-16F7-4668-BE54-9A1E7A4F7556}") = "ServiceWorker", "src\Common\ServiceWorker\ServiceWorker.csproj", "{ED8AB580-61E7-451F-8C9F-6A5472085A04}"
EndProject
Project("{9A19103F-16F7-4668-BE54-9A1E7A4F7556}") = "Guardly", "src\Common\Guardly\Guardly.csproj", "{6CCEE6FD-31CA-4411-A041-8ED584FD64DE}"
EndProject
Project("{9A19103F-16F7-4668-BE54-9A1E7A4F7556}") = "Infrastructure.Common", "src\Common\Infrastructure.Common\Infrastructure.Common.csproj", "{55EA70FD-A178-41E3-9819-23011C7F2A6E}"
EndProject
Project("{9A19103F-16F7-4668-BE54-9A1E7A4F7556}") = "Resilience.Http", "src\Microservices\Common\Resilience.Http\Resilience.Http.csproj", "{618C7193-3F03-46E8-9FEF-F4B4FA94B695}"
EndProject
Project("{9A19103F-16F7-4668-BE54-9A1E7A4F7556}") = "Microservices.Logging", "src\Microservices\Common\Microservices.Logging\Microservices.Logging.csproj", "{83B322F5-F86B-478F-8945-082A08D8BBA1}"
EndProject
Project("{9A19103F-16F7-4668-BE54-9A1E7A4F7556}") = "Microservices.Common", "src\Microservices\Common\Microservices.Common\Microservices.Common.csproj", "{F6C2D267-97ED-47B5-B19B-6E54B903CEBC}"
EndProject
Project("{2150E333-8FDC-42A3-9474-1A3956D46DE8}") = "Event", "Event", "{53B1695C-B000-4E7D-8991-FEB2DF51A0E4}"
EndProject
Project("{9A19103F-16F7-4668-BE54-9A1E7A4F7556}") = "EventBus", "src\Microservices\Event\EventBus\EventBus.csproj", "{02F83EE9-D1AC-450F-8660-13E147027CA6}"
EndProject
Project("{9A19103F-16F7-4668-BE54-9A1E7A4F7556}") = "EventBusRabbitMQ", "src\Microservices\Event\EventBusRabbitMQ\EventBusRabbitMQ.csproj", "{08F734BE-17B9-4592-ADFF-5B022C51B854}"
EndProject
Project("{E53339B2-1760-4266-BCC7-CA923CBCF16C}") = "docker-compose", "src\Microservices\Docker-Compose\docker-compose.dcproj", "{046C7E26-BC33-4632-B344-3B10574A88D0}"
EndProject
Project("{9A19103F-16F7-4668-BE54-9A1E7A4F7556}") = "Dal", "src\Common\Dal\Dal.csproj", "{F7754D7A-4C30-40C0-9C4D-076ACE06F68B}"
EndProject
Project("{9A19103F-16F7-4668-BE54-9A1E7A4F7556}") = "Dal.SQLite", "src\Common\Dal.SQLite\Dal.SQLite.csproj", "{B0F74AC7-855C-450E-B8C0-BDA3734CEFD5}"
EndProject
Project("{2150E333-8FDC-42A3-9474-1A3956D46DE8}") = "Trades", "Trades", "{7EDAD661-D995-4E5C-836C-B6E29C69E3B0}"
EndProject
Project("{9A19103F-16F7-4668-BE54-9A1E7A4F7556}") = "TradesStorage.Infrastructure", "src\Microservices\Services\TradesStorage\TradesStorage.Infrastructure\TradesStorage.Infrastructure.csproj", "{FC70D1DD-2A61-4E5E-9699-C7B3D0654946}"
EndProject
Project("{9A19103F-16F7-4668-BE54-9A1E7A4F7556}") = "TradesStorage.Api", "src\Microservices\Services\TradesStorage\TradesStorage.Api\TradesStorage.Api.csproj", "{8857707B-1E91-4798-A132-1AE92035A952}"
EndProject
Project("{2150E333-8FDC-42A3-9474-1A3956D46DE8}") = "TradesStorage", "TradesStorage", "{A27F228A-C3AE-49E2-A4A5-28D1DD4EB87E}"
EndProject
Project("{2150E333-8FDC-42A3-9474-1A3956D46DE8}") = "TradesCoordinator", "TradesCoordinator", "{B81E6777-ABCE-4B2B-B5ED-FAD417E5F6BE}"
EndProject
Project("{9A19103F-16F7-4668-BE54-9A1E7A4F7556}") = "TradesCoordinator.Infrastructure", "src\Microservices\Services\TradesCoordinator\TradesCoordinator.Infrastructure\TradesCoordinator.Infrastructure.csproj", "{17518E7A-D1E3-4A22-9CDA-C1648E6C21A0}"
EndProject
Project("{9A19103F-16F7-4668-BE54-9A1E7A4F7556}") = "TradesCoordinator.Api", "src\Microservices\Services\TradesCoordinator\TradesCoordinator.Api\TradesCoordinator.Api.csproj", "{C0DD4CC6-ACAF-4119-AA33-CF8CDC747A6F}"
EndProject
Project("{2150E333-8FDC-42A3-9474-1A3956D46DE8}") = "TradesReader", "TradesReader", "{EDA9EA76-4B88-420B-BA7C-58C3FA4DBA99}"
EndProject
Project("{9A19103F-16F7-4668-BE54-9A1E7A4F7556}") = "TradesReader.Api", "src\Microservices\Services\TradesReader\TradesReader.Api\TradesReader.Api.csproj", "{0D89C973-6867-44D1-97CB-5E958B74BCD4}"
EndProject
Project("{9A19103F-16F7-4668-BE54-9A1E7A4F7556}") = "TradesCoordinator.Infrastructure.UnitTest", "src\Microservices\Services\TradesCoordinator\TradesCoordinator.Api.UnitTest\TradesCoordinator.Infrastructure.UnitTest.csproj", "{2810B54B-A1C2-4117-B4A7-0391392ECF62}"
EndProject
Global
	GlobalSection(SolutionConfigurationPlatforms) = preSolution
		Debug|Any CPU = Debug|Any CPU
		Debug|x64 = Debug|x64
		Release|Any CPU = Release|Any CPU
		Release|x64 = Release|x64
	EndGlobalSection
	GlobalSection(ProjectConfigurationPlatforms) = postSolution
		{ED8AB580-61E7-451F-8C9F-6A5472085A04}.Debug|Any CPU.ActiveCfg = Debug|Any CPU
		{ED8AB580-61E7-451F-8C9F-6A5472085A04}.Debug|Any CPU.Build.0 = Debug|Any CPU
		{ED8AB580-61E7-451F-8C9F-6A5472085A04}.Debug|x64.ActiveCfg = Debug|Any CPU
		{ED8AB580-61E7-451F-8C9F-6A5472085A04}.Debug|x64.Build.0 = Debug|Any CPU
		{ED8AB580-61E7-451F-8C9F-6A5472085A04}.Release|Any CPU.ActiveCfg = Release|Any CPU
		{ED8AB580-61E7-451F-8C9F-6A5472085A04}.Release|Any CPU.Build.0 = Release|Any CPU
		{ED8AB580-61E7-451F-8C9F-6A5472085A04}.Release|x64.ActiveCfg = Release|Any CPU
		{ED8AB580-61E7-451F-8C9F-6A5472085A04}.Release|x64.Build.0 = Release|Any CPU
		{6CCEE6FD-31CA-4411-A041-8ED584FD64DE}.Debug|Any CPU.ActiveCfg = Debug|Any CPU
		{6CCEE6FD-31CA-4411-A041-8ED584FD64DE}.Debug|Any CPU.Build.0 = Debug|Any CPU
		{6CCEE6FD-31CA-4411-A041-8ED584FD64DE}.Debug|x64.ActiveCfg = Debug|x64
		{6CCEE6FD-31CA-4411-A041-8ED584FD64DE}.Debug|x64.Build.0 = Debug|x64
		{6CCEE6FD-31CA-4411-A041-8ED584FD64DE}.Release|Any CPU.ActiveCfg = Release|Any CPU
		{6CCEE6FD-31CA-4411-A041-8ED584FD64DE}.Release|Any CPU.Build.0 = Release|Any CPU
		{6CCEE6FD-31CA-4411-A041-8ED584FD64DE}.Release|x64.ActiveCfg = Release|x64
		{6CCEE6FD-31CA-4411-A041-8ED584FD64DE}.Release|x64.Build.0 = Release|x64
		{55EA70FD-A178-41E3-9819-23011C7F2A6E}.Debug|Any CPU.ActiveCfg = Debug|Any CPU
		{55EA70FD-A178-41E3-9819-23011C7F2A6E}.Debug|Any CPU.Build.0 = Debug|Any CPU
		{55EA70FD-A178-41E3-9819-23011C7F2A6E}.Debug|x64.ActiveCfg = Debug|Any CPU
		{55EA70FD-A178-41E3-9819-23011C7F2A6E}.Debug|x64.Build.0 = Debug|Any CPU
		{55EA70FD-A178-41E3-9819-23011C7F2A6E}.Release|Any CPU.ActiveCfg = Release|Any CPU
		{55EA70FD-A178-41E3-9819-23011C7F2A6E}.Release|Any CPU.Build.0 = Release|Any CPU
		{55EA70FD-A178-41E3-9819-23011C7F2A6E}.Release|x64.ActiveCfg = Release|Any CPU
		{55EA70FD-A178-41E3-9819-23011C7F2A6E}.Release|x64.Build.0 = Release|Any CPU
		{618C7193-3F03-46E8-9FEF-F4B4FA94B695}.Debug|Any CPU.ActiveCfg = Debug|Any CPU
		{618C7193-3F03-46E8-9FEF-F4B4FA94B695}.Debug|Any CPU.Build.0 = Debug|Any CPU
		{618C7193-3F03-46E8-9FEF-F4B4FA94B695}.Debug|x64.ActiveCfg = Debug|Any CPU
		{618C7193-3F03-46E8-9FEF-F4B4FA94B695}.Debug|x64.Build.0 = Debug|Any CPU
		{618C7193-3F03-46E8-9FEF-F4B4FA94B695}.Release|Any CPU.ActiveCfg = Release|Any CPU
		{618C7193-3F03-46E8-9FEF-F4B4FA94B695}.Release|Any CPU.Build.0 = Release|Any CPU
		{618C7193-3F03-46E8-9FEF-F4B4FA94B695}.Release|x64.ActiveCfg = Release|Any CPU
		{618C7193-3F03-46E8-9FEF-F4B4FA94B695}.Release|x64.Build.0 = Release|Any CPU
		{83B322F5-F86B-478F-8945-082A08D8BBA1}.Debug|Any CPU.ActiveCfg = Debug|Any CPU
		{83B322F5-F86B-478F-8945-082A08D8BBA1}.Debug|Any CPU.Build.0 = Debug|Any CPU
		{83B322F5-F86B-478F-8945-082A08D8BBA1}.Debug|x64.ActiveCfg = Debug|Any CPU
		{83B322F5-F86B-478F-8945-082A08D8BBA1}.Debug|x64.Build.0 = Debug|Any CPU
		{83B322F5-F86B-478F-8945-082A08D8BBA1}.Release|Any CPU.ActiveCfg = Release|Any CPU
		{83B322F5-F86B-478F-8945-082A08D8BBA1}.Release|Any CPU.Build.0 = Release|Any CPU
		{83B322F5-F86B-478F-8945-082A08D8BBA1}.Release|x64.ActiveCfg = Release|Any CPU
		{83B322F5-F86B-478F-8945-082A08D8BBA1}.Release|x64.Build.0 = Release|Any CPU
		{F6C2D267-97ED-47B5-B19B-6E54B903CEBC}.Debug|Any CPU.ActiveCfg = Debug|Any CPU
		{F6C2D267-97ED-47B5-B19B-6E54B903CEBC}.Debug|Any CPU.Build.0 = Debug|Any CPU
		{F6C2D267-97ED-47B5-B19B-6E54B903CEBC}.Debug|x64.ActiveCfg = Debug|Any CPU
		{F6C2D267-97ED-47B5-B19B-6E54B903CEBC}.Debug|x64.Build.0 = Debug|Any CPU
		{F6C2D267-97ED-47B5-B19B-6E54B903CEBC}.Release|Any CPU.ActiveCfg = Release|Any CPU
		{F6C2D267-97ED-47B5-B19B-6E54B903CEBC}.Release|Any CPU.Build.0 = Release|Any CPU
		{F6C2D267-97ED-47B5-B19B-6E54B903CEBC}.Release|x64.ActiveCfg = Release|Any CPU
		{F6C2D267-97ED-47B5-B19B-6E54B903CEBC}.Release|x64.Build.0 = Release|Any CPU
		{02F83EE9-D1AC-450F-8660-13E147027CA6}.Debug|Any CPU.ActiveCfg = Debug|Any CPU
		{02F83EE9-D1AC-450F-8660-13E147027CA6}.Debug|Any CPU.Build.0 = Debug|Any CPU
		{02F83EE9-D1AC-450F-8660-13E147027CA6}.Debug|x64.ActiveCfg = Debug|Any CPU
		{02F83EE9-D1AC-450F-8660-13E147027CA6}.Debug|x64.Build.0 = Debug|Any CPU
		{02F83EE9-D1AC-450F-8660-13E147027CA6}.Release|Any CPU.ActiveCfg = Release|Any CPU
		{02F83EE9-D1AC-450F-8660-13E147027CA6}.Release|Any CPU.Build.0 = Release|Any CPU
		{02F83EE9-D1AC-450F-8660-13E147027CA6}.Release|x64.ActiveCfg = Release|Any CPU
		{02F83EE9-D1AC-450F-8660-13E147027CA6}.Release|x64.Build.0 = Release|Any CPU
		{08F734BE-17B9-4592-ADFF-5B022C51B854}.Debug|Any CPU.ActiveCfg = Debug|Any CPU
		{08F734BE-17B9-4592-ADFF-5B022C51B854}.Debug|Any CPU.Build.0 = Debug|Any CPU
		{08F734BE-17B9-4592-ADFF-5B022C51B854}.Debug|x64.ActiveCfg = Debug|Any CPU
		{08F734BE-17B9-4592-ADFF-5B022C51B854}.Debug|x64.Build.0 = Debug|Any CPU
		{08F734BE-17B9-4592-ADFF-5B022C51B854}.Release|Any CPU.ActiveCfg = Release|Any CPU
		{08F734BE-17B9-4592-ADFF-5B022C51B854}.Release|Any CPU.Build.0 = Release|Any CPU
		{08F734BE-17B9-4592-ADFF-5B022C51B854}.Release|x64.ActiveCfg = Release|Any CPU
		{08F734BE-17B9-4592-ADFF-5B022C51B854}.Release|x64.Build.0 = Release|Any CPU
		{046C7E26-BC33-4632-B344-3B10574A88D0}.Debug|Any CPU.ActiveCfg = Debug|Any CPU
		{046C7E26-BC33-4632-B344-3B10574A88D0}.Debug|Any CPU.Build.0 = Debug|Any CPU
		{046C7E26-BC33-4632-B344-3B10574A88D0}.Debug|x64.ActiveCfg = Debug|Any CPU
		{046C7E26-BC33-4632-B344-3B10574A88D0}.Debug|x64.Build.0 = Debug|Any CPU
		{046C7E26-BC33-4632-B344-3B10574A88D0}.Release|Any CPU.ActiveCfg = Release|Any CPU
		{046C7E26-BC33-4632-B344-3B10574A88D0}.Release|Any CPU.Build.0 = Release|Any CPU
		{046C7E26-BC33-4632-B344-3B10574A88D0}.Release|x64.ActiveCfg = Release|Any CPU
		{046C7E26-BC33-4632-B344-3B10574A88D0}.Release|x64.Build.0 = Release|Any CPU
		{F7754D7A-4C30-40C0-9C4D-076ACE06F68B}.Debug|Any CPU.ActiveCfg = Debug|Any CPU
		{F7754D7A-4C30-40C0-9C4D-076ACE06F68B}.Debug|Any CPU.Build.0 = Debug|Any CPU
		{F7754D7A-4C30-40C0-9C4D-076ACE06F68B}.Debug|x64.ActiveCfg = Debug|Any CPU
		{F7754D7A-4C30-40C0-9C4D-076ACE06F68B}.Debug|x64.Build.0 = Debug|Any CPU
		{F7754D7A-4C30-40C0-9C4D-076ACE06F68B}.Release|Any CPU.ActiveCfg = Release|Any CPU
		{F7754D7A-4C30-40C0-9C4D-076ACE06F68B}.Release|Any CPU.Build.0 = Release|Any CPU
		{F7754D7A-4C30-40C0-9C4D-076ACE06F68B}.Release|x64.ActiveCfg = Release|Any CPU
		{F7754D7A-4C30-40C0-9C4D-076ACE06F68B}.Release|x64.Build.0 = Release|Any CPU
		{B0F74AC7-855C-450E-B8C0-BDA3734CEFD5}.Debug|Any CPU.ActiveCfg = Debug|Any CPU
		{B0F74AC7-855C-450E-B8C0-BDA3734CEFD5}.Debug|Any CPU.Build.0 = Debug|Any CPU
		{B0F74AC7-855C-450E-B8C0-BDA3734CEFD5}.Debug|x64.ActiveCfg = Debug|Any CPU
		{B0F74AC7-855C-450E-B8C0-BDA3734CEFD5}.Debug|x64.Build.0 = Debug|Any CPU
		{B0F74AC7-855C-450E-B8C0-BDA3734CEFD5}.Release|Any CPU.ActiveCfg = Release|Any CPU
		{B0F74AC7-855C-450E-B8C0-BDA3734CEFD5}.Release|Any CPU.Build.0 = Release|Any CPU
		{B0F74AC7-855C-450E-B8C0-BDA3734CEFD5}.Release|x64.ActiveCfg = Release|Any CPU
		{B0F74AC7-855C-450E-B8C0-BDA3734CEFD5}.Release|x64.Build.0 = Release|Any CPU
		{FC70D1DD-2A61-4E5E-9699-C7B3D0654946}.Debug|Any CPU.ActiveCfg = Debug|Any CPU
		{FC70D1DD-2A61-4E5E-9699-C7B3D0654946}.Debug|Any CPU.Build.0 = Debug|Any CPU
		{FC70D1DD-2A61-4E5E-9699-C7B3D0654946}.Debug|x64.ActiveCfg = Debug|Any CPU
		{FC70D1DD-2A61-4E5E-9699-C7B3D0654946}.Debug|x64.Build.0 = Debug|Any CPU
		{FC70D1DD-2A61-4E5E-9699-C7B3D0654946}.Release|Any CPU.ActiveCfg = Release|Any CPU
		{FC70D1DD-2A61-4E5E-9699-C7B3D0654946}.Release|Any CPU.Build.0 = Release|Any CPU
		{FC70D1DD-2A61-4E5E-9699-C7B3D0654946}.Release|x64.ActiveCfg = Release|Any CPU
		{FC70D1DD-2A61-4E5E-9699-C7B3D0654946}.Release|x64.Build.0 = Release|Any CPU
		{8857707B-1E91-4798-A132-1AE92035A952}.Debug|Any CPU.ActiveCfg = Debug|Any CPU
		{8857707B-1E91-4798-A132-1AE92035A952}.Debug|Any CPU.Build.0 = Debug|Any CPU
		{8857707B-1E91-4798-A132-1AE92035A952}.Debug|x64.ActiveCfg = Debug|Any CPU
		{8857707B-1E91-4798-A132-1AE92035A952}.Debug|x64.Build.0 = Debug|Any CPU
		{8857707B-1E91-4798-A132-1AE92035A952}.Release|Any CPU.ActiveCfg = Release|Any CPU
		{8857707B-1E91-4798-A132-1AE92035A952}.Release|Any CPU.Build.0 = Release|Any CPU
		{8857707B-1E91-4798-A132-1AE92035A952}.Release|x64.ActiveCfg = Release|Any CPU
		{8857707B-1E91-4798-A132-1AE92035A952}.Release|x64.Build.0 = Release|Any CPU
		{17518E7A-D1E3-4A22-9CDA-C1648E6C21A0}.Debug|Any CPU.ActiveCfg = Debug|Any CPU
		{17518E7A-D1E3-4A22-9CDA-C1648E6C21A0}.Debug|Any CPU.Build.0 = Debug|Any CPU
		{17518E7A-D1E3-4A22-9CDA-C1648E6C21A0}.Debug|x64.ActiveCfg = Debug|Any CPU
		{17518E7A-D1E3-4A22-9CDA-C1648E6C21A0}.Debug|x64.Build.0 = Debug|Any CPU
		{17518E7A-D1E3-4A22-9CDA-C1648E6C21A0}.Release|Any CPU.ActiveCfg = Release|Any CPU
		{17518E7A-D1E3-4A22-9CDA-C1648E6C21A0}.Release|Any CPU.Build.0 = Release|Any CPU
		{17518E7A-D1E3-4A22-9CDA-C1648E6C21A0}.Release|x64.ActiveCfg = Release|Any CPU
		{17518E7A-D1E3-4A22-9CDA-C1648E6C21A0}.Release|x64.Build.0 = Release|Any CPU
		{C0DD4CC6-ACAF-4119-AA33-CF8CDC747A6F}.Debug|Any CPU.ActiveCfg = Debug|Any CPU
		{C0DD4CC6-ACAF-4119-AA33-CF8CDC747A6F}.Debug|Any CPU.Build.0 = Debug|Any CPU
		{C0DD4CC6-ACAF-4119-AA33-CF8CDC747A6F}.Debug|x64.ActiveCfg = Debug|Any CPU
		{C0DD4CC6-ACAF-4119-AA33-CF8CDC747A6F}.Debug|x64.Build.0 = Debug|Any CPU
		{C0DD4CC6-ACAF-4119-AA33-CF8CDC747A6F}.Release|Any CPU.ActiveCfg = Release|Any CPU
		{C0DD4CC6-ACAF-4119-AA33-CF8CDC747A6F}.Release|Any CPU.Build.0 = Release|Any CPU
		{C0DD4CC6-ACAF-4119-AA33-CF8CDC747A6F}.Release|x64.ActiveCfg = Release|Any CPU
		{C0DD4CC6-ACAF-4119-AA33-CF8CDC747A6F}.Release|x64.Build.0 = Release|Any CPU
		{0D89C973-6867-44D1-97CB-5E958B74BCD4}.Debug|Any CPU.ActiveCfg = Debug|Any CPU
		{0D89C973-6867-44D1-97CB-5E958B74BCD4}.Debug|Any CPU.Build.0 = Debug|Any CPU
		{0D89C973-6867-44D1-97CB-5E958B74BCD4}.Debug|x64.ActiveCfg = Debug|Any CPU
		{0D89C973-6867-44D1-97CB-5E958B74BCD4}.Debug|x64.Build.0 = Debug|Any CPU
		{0D89C973-6867-44D1-97CB-5E958B74BCD4}.Release|Any CPU.ActiveCfg = Release|Any CPU
		{0D89C973-6867-44D1-97CB-5E958B74BCD4}.Release|Any CPU.Build.0 = Release|Any CPU
		{0D89C973-6867-44D1-97CB-5E958B74BCD4}.Release|x64.ActiveCfg = Release|Any CPU
		{0D89C973-6867-44D1-97CB-5E958B74BCD4}.Release|x64.Build.0 = Release|Any CPU
		{2810B54B-A1C2-4117-B4A7-0391392ECF62}.Debug|Any CPU.ActiveCfg = Debug|Any CPU
		{2810B54B-A1C2-4117-B4A7-0391392ECF62}.Debug|Any CPU.Build.0 = Debug|Any CPU
		{2810B54B-A1C2-4117-B4A7-0391392ECF62}.Debug|x64.ActiveCfg = Debug|Any CPU
		{2810B54B-A1C2-4117-B4A7-0391392ECF62}.Debug|x64.Build.0 = Debug|Any CPU
		{2810B54B-A1C2-4117-B4A7-0391392ECF62}.Release|Any CPU.ActiveCfg = Release|Any CPU
		{2810B54B-A1C2-4117-B4A7-0391392ECF62}.Release|Any CPU.Build.0 = Release|Any CPU
		{2810B54B-A1C2-4117-B4A7-0391392ECF62}.Release|x64.ActiveCfg = Release|Any CPU
		{2810B54B-A1C2-4117-B4A7-0391392ECF62}.Release|x64.Build.0 = Release|Any CPU
	EndGlobalSection
	GlobalSection(SolutionProperties) = preSolution
		HideSolutionNode = FALSE
	EndGlobalSection
	GlobalSection(NestedProjects) = preSolution
		{63522D44-8E9E-477D-BA3B-082BC7CD80A9} = {54738160-5CB6-442F-8F52-F6CDC388AA6B}
		{EFD2F6E2-59EA-4D67-9B7B-1C49F111C92E} = {63522D44-8E9E-477D-BA3B-082BC7CD80A9}
		{8F92C4DD-2708-4ED7-8099-2C820E721213} = {54738160-5CB6-442F-8F52-F6CDC388AA6B}
		{ED8AB580-61E7-451F-8C9F-6A5472085A04} = {8F92C4DD-2708-4ED7-8099-2C820E721213}
		{6CCEE6FD-31CA-4411-A041-8ED584FD64DE} = {8F92C4DD-2708-4ED7-8099-2C820E721213}
		{55EA70FD-A178-41E3-9819-23011C7F2A6E} = {8F92C4DD-2708-4ED7-8099-2C820E721213}
		{618C7193-3F03-46E8-9FEF-F4B4FA94B695} = {EFD2F6E2-59EA-4D67-9B7B-1C49F111C92E}
		{83B322F5-F86B-478F-8945-082A08D8BBA1} = {EFD2F6E2-59EA-4D67-9B7B-1C49F111C92E}
		{F6C2D267-97ED-47B5-B19B-6E54B903CEBC} = {EFD2F6E2-59EA-4D67-9B7B-1C49F111C92E}
		{53B1695C-B000-4E7D-8991-FEB2DF51A0E4} = {63522D44-8E9E-477D-BA3B-082BC7CD80A9}
		{02F83EE9-D1AC-450F-8660-13E147027CA6} = {53B1695C-B000-4E7D-8991-FEB2DF51A0E4}
		{08F734BE-17B9-4592-ADFF-5B022C51B854} = {53B1695C-B000-4E7D-8991-FEB2DF51A0E4}
		{F7754D7A-4C30-40C0-9C4D-076ACE06F68B} = {8F92C4DD-2708-4ED7-8099-2C820E721213}
		{B0F74AC7-855C-450E-B8C0-BDA3734CEFD5} = {8F92C4DD-2708-4ED7-8099-2C820E721213}
		{7EDAD661-D995-4E5C-836C-B6E29C69E3B0} = {63522D44-8E9E-477D-BA3B-082BC7CD80A9}
		{FC70D1DD-2A61-4E5E-9699-C7B3D0654946} = {A27F228A-C3AE-49E2-A4A5-28D1DD4EB87E}
		{8857707B-1E91-4798-A132-1AE92035A952} = {A27F228A-C3AE-49E2-A4A5-28D1DD4EB87E}
		{A27F228A-C3AE-49E2-A4A5-28D1DD4EB87E} = {7EDAD661-D995-4E5C-836C-B6E29C69E3B0}
		{B81E6777-ABCE-4B2B-B5ED-FAD417E5F6BE} = {7EDAD661-D995-4E5C-836C-B6E29C69E3B0}
		{17518E7A-D1E3-4A22-9CDA-C1648E6C21A0} = {B81E6777-ABCE-4B2B-B5ED-FAD417E5F6BE}
		{C0DD4CC6-ACAF-4119-AA33-CF8CDC747A6F} = {B81E6777-ABCE-4B2B-B5ED-FAD417E5F6BE}
		{EDA9EA76-4B88-420B-BA7C-58C3FA4DBA99} = {7EDAD661-D995-4E5C-836C-B6E29C69E3B0}
		{0D89C973-6867-44D1-97CB-5E958B74BCD4} = {EDA9EA76-4B88-420B-BA7C-58C3FA4DBA99}
		{2810B54B-A1C2-4117-B4A7-0391392ECF62} = {B81E6777-ABCE-4B2B-B5ED-FAD417E5F6BE}
	EndGlobalSection
	GlobalSection(ExtensibilityGlobals) = postSolution
		VisualSVNWorkingCopyRoot = .
		SolutionGuid = {57B235CA-5893-4DCF-A36E-00B5F30DDA1F}
	EndGlobalSection
EndGlobal
